# This file was autogenerated by Stack.
# You should not edit this file by hand.
# For more information, please see the documentation at:
#   https://docs.haskellstack.org/en/stable/lock_files

packages:
- completed:
    hackage: hakyll-4.15.1.1@sha256:2fd12647d35ff08dc03f212955324984ab905c40bb78edff41b41346095a1608,9924
    pantry-tree:
      size: 8861
      sha256: 24a465f5de6e817a6885fc40cc23a751f7e67fcb9d948b195d6c63c27bbff201
  original:
    hackage: hakyll-4.15.1.1
snapshots:
- completed:
    size: 587821
    url: https://raw.githubusercontent.com/commercialhaskell/stackage-snapshots/master/lts/18/24.yaml
    sha256: 06d844ba51e49907bd29cb58b4a5f86ee7587a4cd7e6cf395eeec16cba619ce8
  original: lts-18.24
